
Microsoft Visual Studio Solution File, Format Version 12.00
# Visual Studio 2012
Project("{8BC9CEB8-8B4A-11D0-8D11-00A0C91BC942}") = "L2P1", "L2P1.vcxproj", "{DBF46FE1-A206-42EA-8563-04658E2FAA3E}"
EndProject
Global
	GlobalSection(SolutionConfigurationPlatforms) = preSolution
		Debug|Win32 = Debug|Win32
		Release|Win32 = Release|Win32
	EndGlobalSection
	GlobalSection(ProjectConfigurationPlatforms) = postSolution
		{DBF46FE1-A206-42EA-8563-04658E2FAA3E}.Debug|Win32.ActiveCfg = Debug|Win32
		{DBF46FE1-A206-42EA-8563-04658E2FAA3E}.Debug|Win32.Build.0 = Debug|Win32
		{DBF46FE1-A206-42EA-8563-04658E2FAA3E}.Release|Win32.ActiveCfg = Release|Win32
		{DBF46FE1-A206-42EA-8563-04658E2FAA3E}.Release|Win32.Build.0 = Release|Win32
	EndGlobalSection
	GlobalSection(SolutionProperties) = preSolution
		HideSolutionNode = FALSE
	EndGlobalSection
EndGlobal
